
Microsoft Visual Studio Solution File, Format Version 12.00
# Visual Studio Version 16
VisualStudioVersion = 16.0.32106.194
MinimumVisualStudioVersion = 10.0.40219.1
Project("{FAE04EC0-301F-11D3-BF4B-00C04F79EFBC}") = "DZ_PLUS", "DZ_PLUS\DZ_PLUS.csproj", "{5D4BEC9E-36EC-438B-82F1-46BB146EB902}"
EndProject
Global
	GlobalSection(SolutionConfigurationPlatforms) = preSolution
		Debug|Any CPU = Debug|Any CPU
		Release|Any CPU = Release|Any CPU
	EndGlobalSection
	GlobalSection(ProjectConfigurationPlatforms) = postSolution
		{5D4BEC9E-36EC-438B-82F1-46BB146EB902}.Debug|Any CPU.ActiveCfg = Debug|Any CPU
		{5D4BEC9E-36EC-438B-82F1-46BB146EB902}.Debug|Any CPU.Build.0 = Debug|Any CPU
		{5D4BEC9E-36EC-438B-82F1-46BB146EB902}.Release|Any CPU.ActiveCfg = Release|Any CPU
		{5D4BEC9E-36EC-438B-82F1-46BB146EB902}.Release|Any CPU.Build.0 = Release|Any CPU
	EndGlobalSection
	GlobalSection(SolutionProperties) = preSolution
		HideSolutionNode = FALSE
	EndGlobalSection
	GlobalSection(ExtensibilityGlobals) = postSolution
		SolutionGuid = {4E181B59-A344-47DB-B22A-6B73FFCA5558}
	EndGlobalSection
EndGlobal
